
Microsoft Visual Studio Solution File, Format Version 12.00
# Visual Studio 15
VisualStudioVersion = 15.0.26730.8
MinimumVisualStudioVersion = 10.0.40219.1
Project("{FAE04EC0-301F-11D3-BF4B-00C04F79EFBC}") = "RcStrings.VsPackage", "RcStrings.VsPackage\RcStrings.VsPackage.csproj", "{1016C69D-09DB-449C-A2B8-9F76F9664E42}"
EndProject
Project("{FAE04EC0-301F-11D3-BF4B-00C04F79EFBC}") = "RcStrings.StringEnhancer", "StringEnhancer\StringEnhancer\RcStrings.StringEnhancer.csproj", "{75C8DB04-CBA9-416B-AE86-A83B27DBC411}"
EndProject
Global
	GlobalSection(SolutionConfigurationPlatforms) = preSolution
		Debug|Any CPU = Debug|Any CPU
		Release|Any CPU = Release|Any CPU
	EndGlobalSection
	GlobalSection(ProjectConfigurationPlatforms) = postSolution
		{1016C69D-09DB-449C-A2B8-9F76F9664E42}.Debug|Any CPU.ActiveCfg = Debug|Any CPU
		{1016C69D-09DB-449C-A2B8-9F76F9664E42}.Debug|Any CPU.Build.0 = Debug|Any CPU
		{1016C69D-09DB-449C-A2B8-9F76F9664E42}.Release|Any CPU.ActiveCfg = Release|Any CPU
		{1016C69D-09DB-449C-A2B8-9F76F9664E42}.Release|Any CPU.Build.0 = Release|Any CPU
		{75C8DB04-CBA9-416B-AE86-A83B27DBC411}.Debug|Any CPU.ActiveCfg = Debug|Any CPU
		{75C8DB04-CBA9-416B-AE86-A83B27DBC411}.Debug|Any CPU.Build.0 = Debug|Any CPU
		{75C8DB04-CBA9-416B-AE86-A83B27DBC411}.Release|Any CPU.ActiveCfg = Release|Any CPU
		{75C8DB04-CBA9-416B-AE86-A83B27DBC411}.Release|Any CPU.Build.0 = Release|Any CPU
	EndGlobalSection
	GlobalSection(SolutionProperties) = preSolution
		HideSolutionNode = FALSE
	EndGlobalSection
	GlobalSection(ExtensibilityGlobals) = postSolution
		SolutionGuid = {17B86272-94CC-465C-B3A5-B58C21B1BAB5}
	EndGlobalSection
EndGlobal
